
Microsoft Visual Studio Solution File, Format Version 12.00
# Visual Studio Version 17
VisualStudioVersion = 17.5.002.0
MinimumVisualStudioVersion = 10.0.40219.1
Project("{9A19103F-16F7-4668-BE54-9A1E7A4F7556}") = "primeiro-projeto-estudos", "primeiro-projeto-estudos.csproj", "{F1B1347B-E7ED-4B36-BBAE-E19E6CAD0FAC}"
EndProject
Global
	GlobalSection(SolutionConfigurationPlatforms) = preSolution
		Debug|Any CPU = Debug|Any CPU
		Release|Any CPU = Release|Any CPU
	EndGlobalSection
	GlobalSection(ProjectConfigurationPlatforms) = postSolution
		{F1B1347B-E7ED-4B36-BBAE-E19E6CAD0FAC}.Debug|Any CPU.ActiveCfg = Debug|Any CPU
		{F1B1347B-E7ED-4B36-BBAE-E19E6CAD0FAC}.Debug|Any CPU.Build.0 = Debug|Any CPU
		{F1B1347B-E7ED-4B36-BBAE-E19E6CAD0FAC}.Release|Any CPU.ActiveCfg = Release|Any CPU
		{F1B1347B-E7ED-4B36-BBAE-E19E6CAD0FAC}.Release|Any CPU.Build.0 = Release|Any CPU
	EndGlobalSection
	GlobalSection(SolutionProperties) = preSolution
		HideSolutionNode = FALSE
	EndGlobalSection
	GlobalSection(ExtensibilityGlobals) = postSolution
		SolutionGuid = {0B91D8A8-7F5A-41C7-9F7D-388DE3B49940}
	EndGlobalSection
EndGlobal
